// !$*UTF8*$!
{
	archiveVersion = 1;
	classes = {
	};
	objectVersion = 46;
	objects = {

/* Begin PBXBuildFile section */
		4EBABFA01DFA519400C90367 /* main.m in Sources */ = {isa = PBXBuildFile; fileRef = 4EBABF9F1DFA519400C90367 /* main.m */; };
		4EBABFA31DFA519400C90367 /* AppDelegate.m in Sources */ = {isa = PBXBuildFile; fileRef = 4EBABFA21DFA519400C90367 /* AppDelegate.m */; };
		4EBABFA61DFA519400C90367 /* ViewController.m in Sources */ = {isa = PBXBuildFile; fileRef = 4EBABFA51DFA519400C90367 /* ViewController.m */; };
		4EBABFA91DFA519400C90367 /* Main.storyboard in Resources */ = {isa = PBXBuildFile; fileRef = 4EBABFA71DFA519400C90367 /* Main.storyboard */; };
		4EBABFAB1DFA519400C90367 /* Assets.xcassets in Resources */ = {isa = PBXBuildFile; fileRef = 4EBABFAA1DFA519400C90367 /* Assets.xcassets */; };
		4EBABFAE1DFA519400C90367 /* LaunchScreen.storyboard in Resources */ = {isa = PBXBuildFile; fileRef = 4EBABFAC1DFA519400C90367 /* LaunchScreen.storyboard */; };
		4EBABFB91DFA519400C90367 /* BluetoothPeripheral_testTests.m in Sources */ = {isa = PBXBuildFile; fileRef = 4EBABFB81DFA519400C90367 /* BluetoothPeripheral_testTests.m */; };
		4EBABFC41DFA519400C90367 /* BluetoothPeripheral_testUITests.m in Sources */ = {isa = PBXBuildFile; fileRef = 4EBABFC31DFA519400C90367 /* BluetoothPeripheral_testUITests.m */; };
/* End PBXBuildFile section */

/* Begin PBXContainerItemProxy section */
		4EBABFB51DFA519400C90367 /* PBXContainerItemProxy */ = {
			isa = PBXContainerItemProxy;
			containerPortal = 4EBABF931DFA519400C90367 /* Project object */;
			proxyType = 1;
			remoteGlobalIDString = 4EBABF9A1DFA519400C90367;
			remoteInfo = BluetoothPeripheral_test;
		};
		4EBABFC01DFA519400C90367 /* PBXContainerItemProxy */ = {
			isa = PBXContainerItemProxy;
			containerPortal = 4EBABF931DFA519400C90367 /* Project object */;
			proxyType = 1;
			remoteGlobalIDString = 4EBABF9A1DFA519400C90367;
			remoteInfo = BluetoothPeripheral_test;
		};
/* End PBXContainerItemProxy section */

/* Begin PBXFileReference section */
		4EBABF9B1DFA519400C90367 /* BluetoothPeripheral_test.app */ = {isa = PBXFileReference; explicitFileType = wrapper.application; includeInIndex = 0; path = BluetoothPeripheral_test.app; sourceTree = BUILT_PRODUCTS_DIR; };
		4EBABF9F1DFA519400C90367 /* main.m */ = {isa = PBXFileReference; lastKnownFileType = sourcecode.c.objc; path = main.m; sourceTree = "<group>"; };
		4EBABFA11DFA519400C90367 /* AppDelegate.h */ = {isa = PBXFileReference; lastKnownFileType = sourcecode.c.h; path = AppDelegate.h; sourceTree = "<group>"; };
		4EBABFA21DFA519400C90367 /* AppDelegate.m */ = {isa = PBXFileReference; lastKnownFileType = sourcecode.c.objc; path = AppDelegate.m; sourceTree = "<group>"; };
		4EBABFA41DFA519400C90367 /* ViewController.h */ = {isa = PBXFileReference; lastKnownFileType = sourcecode.c.h; path = ViewController.h; sourceTree = "<group>"; };
		4EBABFA51DFA519400C90367 /* ViewController.m */ = {isa = PBXFileReference; lastKnownFileType = sourcecode.c.objc; path = ViewController.m; sourceTree = "<group>"; };
		4EBABFA81DFA519400C90367 /* Base */ = {isa = PBXFileReference; lastKnownFileType = file.storyboard; name = Base; path = Base.lproj/Main.storyboard; sourceTree = "<group>"; };
		4EBABFAA1DFA519400C90367 /* Assets.xcassets */ = {isa = PBXFileReference; lastKnownFileType = folder.assetcatalog; path = Assets.xcassets; sourceTree = "<group>"; };
		4EBABFAD1DFA519400C90367 /* Base */ = {isa = PBXFileReference; lastKnownFileType = file.storyboard; name = Base; path = Base.lproj/LaunchScreen.storyboard; sourceTree = "<group>"; };
		4EBABFAF1DFA519400C90367 /* Info.plist */ = {isa = PBXFileReference; lastKnownFileType = text.plist.xml; path = Info.plist; sourceTree = "<group>"; };
		4EBABFB41DFA519400C90367 /* BluetoothPeripheral_testTests.xctest */ = {isa = PBXFileReference; explicitFileType = wrapper.cfbundle; includeInIndex = 0; path = BluetoothPeripheral_testTests.xctest; sourceTree = BUILT_PRODUCTS_DIR; };
		4EBABFB81DFA519400C90367 /* BluetoothPeripheral_testTests.m */ = {isa = PBXFileReference; lastKnownFileType = sourcecode.c.objc; path = BluetoothPeripheral_testTests.m; sourceTree = "<group>"; };
		4EBABFBA1DFA519400C90367 /* Info.plist */ = {isa = PBXFileReference; lastKnownFileType = text.plist.xml; path = Info.plist; sourceTree = "<group>"; };
		4EBABFBF1DFA519400C90367 /* BluetoothPeripheral_testUITests.xctest */ = {isa = PBXFileReference; explicitFileType = wrapper.cfbundle; includeInIndex = 0; path = BluetoothPeripheral_testUITests.xctest; sourceTree = BUILT_PRODUCTS_DIR; };
		4EBABFC31DFA519400C90367 /* BluetoothPeripheral_testUITests.m */ = {isa = PBXFileReference; lastKnownFileType = sourcecode.c.objc; path = BluetoothPeripheral_testUITests.m; sourceTree = "<group>"; };
		4EBABFC51DFA519400C90367 /* Info.plist */ = {isa = PBXFileReference; lastKnownFileType = text.plist.xml; path = Info.plist; sourceTree = "<group>"; };
/* End PBXFileReference section */

/* Begin PBXFrameworksBuildPhase section */
		4EBABF981DFA519400C90367 /* Frameworks */ = {
			isa = PBXFrameworksBuildPhase;
			buildActionMask = 2147483647;
			files = (
			);
			runOnlyForDeploymentPostprocessing = 0;
		};
		4EBABFB11DFA519400C90367 /* Frameworks */ = {
			isa = PBXFrameworksBuildPhase;
			buildActionMask = 2147483647;
			files = (
			);
			runOnlyForDeploymentPostprocessing = 0;
		};
		4EBABFBC1DFA519400C90367 /* Frameworks */ = {
			isa = PBXFrameworksBuildPhase;
			buildActionMask = 2147483647;
			files = (
			);
			runOnlyForDeploymentPostprocessing = 0;
		};
/* End PBXFrameworksBuildPhase section */

/* Begin PBXGroup section */
		4EBABF921DFA519400C90367 = {
			isa = PBXGroup;
			children = (
				4EBABF9D1DFA519400C90367 /* BluetoothPeripheral_test */,
				4EBABFB71DFA519400C90367 /* BluetoothPeripheral_testTests */,
				4EBABFC21DFA519400C90367 /* BluetoothPeripheral_testUITests */,
				4EBABF9C1DFA519400C90367 /* Products */,
			);
			sourceTree = "<group>";
		};
		4EBABF9C1DFA519400C90367 /* Products */ = {
			isa = PBXGroup;
			children = (
				4EBABF9B1DFA519400C90367 /* BluetoothPeripheral_test.app */,
				4EBABFB41DFA519400C90367 /* BluetoothPeripheral_testTests.xctest */,
				4EBABFBF1DFA519400C90367 /* BluetoothPeripheral_testUITests.xctest */,
			);
			name = Products;
			sourceTree = "<group>";
		};
		4EBABF9D1DFA519400C90367 /* BluetoothPeripheral_test */ = {
			isa = PBXGroup;
			children = (
				4EBABFA11DFA519400C90367 /* AppDelegate.h */,
				4EBABFA21DFA519400C90367 /* AppDelegate.m */,
				4EBABFA41DFA519400C90367 /* ViewController.h */,
				4EBABFA51DFA519400C90367 /* ViewController.m */,
				4EBABFA71DFA519400C90367 /* Main.storyboard */,
				4EBABFAA1DFA519400C90367 /* Assets.xcassets */,
				4EBABFAC1DFA519400C90367 /* LaunchScreen.storyboard */,
				4EBABFAF1DFA519400C90367 /* Info.plist */,
				4EBABF9E1DFA519400C90367 /* Supporting Files */,
			);
			path = BluetoothPeripheral_test;
			sourceTree = "<group>";
		};
		4EBABF9E1DFA519400C90367 /* Supporting Files */ = {
			isa = PBXGroup;
			children = (
				4EBABF9F1DFA519400C90367 /* main.m */,
			);
			name = "Supporting Files";
			sourceTree = "<group>";
		};
		4EBABFB71DFA519400C90367 /* BluetoothPeripheral_testTests */ = {
			isa = PBXGroup;
			children = (
				4EBABFB81DFA519400C90367 /* BluetoothPeripheral_testTests.m */,
				4EBABFBA1DFA519400C90367 /* Info.plist */,
			);
			path = BluetoothPeripheral_testTests;
			sourceTree = "<group>";
		};
		4EBABFC21DFA519400C90367 /* BluetoothPeripheral_testUITests */ = {
			isa = PBXGroup;
			children = (
				4EBABFC31DFA519400C90367 /* BluetoothPeripheral_testUITests.m */,
				4EBABFC51DFA519400C90367 /* Info.plist */,
			);
			path = BluetoothPeripheral_testUITests;
			sourceTree = "<group>";
		};
/* End PBXGroup section */

/* Begin PBXNativeTarget section */
		4EBABF9A1DFA519400C90367 /* BluetoothPeripheral_test */ = {
			isa = PBXNativeTarget;
			buildConfigurationList = 4EBABFC81DFA519400C90367 /* Build configuration list for PBXNativeTarget "BluetoothPeripheral_test" */;
			buildPhases = (
				4EBABF971DFA519400C90367 /* Sources */,
				4EBABF981DFA519400C90367 /* Frameworks */,
				4EBABF991DFA519400C90367 /* Resources */,
			);
			buildRules = (
			);
			dependencies = (
			);
			name = BluetoothPeripheral_test;
			productName = BluetoothPeripheral_test;
			productReference = 4EBABF9B1DFA519400C90367 /* BluetoothPeripheral_test.app */;
			productType = "com.apple.product-type.application";
		};
		4EBABFB31DFA519400C90367 /* BluetoothPeripheral_testTests */ = {
			isa = PBXNativeTarget;
			buildConfigurationList = 4EBABFCB1DFA519400C90367 /* Build configuration list for PBXNativeTarget "BluetoothPeripheral_testTests" */;
			buildPhases = (
				4EBABFB01DFA519400C90367 /* Sources */,
				4EBABFB11DFA519400C90367 /* Frameworks */,
				4EBABFB21DFA519400C90367 /* Resources */,
			);
			buildRules = (
			);
			dependencies = (
				4EBABFB61DFA519400C90367 /* PBXTargetDependency */,
			);
			name = BluetoothPeripheral_testTests;
			productName = BluetoothPeripheral_testTests;
			productReference = 4EBABFB41DFA519400C90367 /* BluetoothPeripheral_testTests.xctest */;
			productType = "com.apple.product-type.bundle.unit-test";
		};
		4EBABFBE1DFA519400C90367 /* BluetoothPeripheral_testUITests */ = {
			isa = PBXNativeTarget;
			buildConfigurationList = 4EBABFCE1DFA519400C90367 /* Build configuration list for PBXNativeTarget "BluetoothPeripheral_testUITests" */;
			buildPhases = (
				4EBABFBB1DFA519400C90367 /* Sources */,
				4EBABFBC1DFA519400C90367 /* Frameworks */,
				4EBABFBD1DFA519400C90367 /* Resources */,
			);
			buildRules = (
			);
			dependencies = (
				4EBABFC11DFA519400C90367 /* PBXTargetDependency */,
			);
			name = BluetoothPeripheral_testUITests;
			productName = BluetoothPeripheral_testUITests;
			productReference = 4EBABFBF1DFA519400C90367 /* BluetoothPeripheral_testUITests.xctest */;
			productType = "com.apple.product-type.bundle.ui-testing";
		};
/* End PBXNativeTarget section */

/* Begin PBXProject section */
		4EBABF931DFA519400C90367 /* Project object */ = {
			isa = PBXProject;
			attributes = {
				LastUpgradeCheck = 0720;
				ORGANIZATIONNAME = MZYW;
				TargetAttributes = {
					4EBABF9A1DFA519400C90367 = {
						CreatedOnToolsVersion = 7.2.1;
						DevelopmentTeam = F7445L7HH4;
					};
					4EBABFB31DFA519400C90367 = {
						CreatedOnToolsVersion = 7.2.1;
						TestTargetID = 4EBABF9A1DFA519400C90367;
					};
					4EBABFBE1DFA519400C90367 = {
						CreatedOnToolsVersion = 7.2.1;
						TestTargetID = 4EBABF9A1DFA519400C90367;
					};
				};
			};
			buildConfigurationList = 4EBABF961DFA519400C90367 /* Build configuration list for PBXProject "BluetoothPeripheral_test" */;
			compatibilityVersion = "Xcode 3.2";
			developmentRegion = English;
			hasScannedForEncodings = 0;
			knownRegions = (
				en,
				Base,
			);
			mainGroup = 4EBABF921DFA519400C90367;
			productRefGroup = 4EBABF9C1DFA519400C90367 /* Products */;
			projectDirPath = "";
			projectRoot = "";
			targets = (
				4EBABF9A1DFA519400C90367 /* BluetoothPeripheral_test */,
				4EBABFB31DFA519400C90367 /* BluetoothPeripheral_testTests */,
				4EBABFBE1DFA519400C90367 /* BluetoothPeripheral_testUITests */,
			);
		};
/* End PBXProject section */

/* Begin PBXResourcesBuildPhase section */
		4EBABF991DFA519400C90367 /* Resources */ = {
			isa = PBXResourcesBuildPhase;
			buildActionMask = 2147483647;
			files = (
				4EBABFAE1DFA519400C90367 /* LaunchScreen.storyboard in Resources */,
				4EBABFAB1DFA519400C90367 /* Assets.xcassets in Resources */,
				4EBABFA91DFA519400C90367 /* Main.storyboard in Resources */,
			);
			runOnlyForDeploymentPostprocessing = 0;
		};
		4EBABFB21DFA519400C90367 /* Resources */ = {
			isa = PBXResourcesBuildPhase;
			buildActionMask = 2147483647;
			files = (
			);
			runOnlyForDeploymentPostprocessing = 0;
		};
		4EBABFBD1DFA519400C90367 /* Resources */ = {
			isa = PBXResourcesBuildPhase;
			buildActionMask = 2147483647;
			files = (
			);
			runOnlyForDeploymentPostprocessing = 0;
		};
/* End PBXResourcesBuildPhase section */

/* Begin PBXSourcesBuildPhase section */
		4EBABF971DFA519400C90367 /* Sources */ = {
			isa = PBXSourcesBuildPhase;
			buildActionMask = 2147483647;
			files = (
				4EBABFA61DFA519400C90367 /* ViewController.m in Sources */,
				4EBABFA31DFA519400C90367 /* AppDelegate.m in Sources */,
				4EBABFA01DFA519400C90367 /* main.m in Sources */,
			);
			runOnlyForDeploymentPostprocessing = 0;
		};
		4EBABFB01DFA519400C90367 /* Sources */ = {
			isa = PBXSourcesBuildPhase;
			buildActionMask = 2147483647;
			files = (
				4EBABFB91DFA519400C90367 /* BluetoothPeripheral_testTests.m in Sources */,
			);
			runOnlyForDeploymentPostprocessing = 0;
		};
		4EBABFBB1DFA519400C90367 /* Sources */ = {
			isa = PBXSourcesBuildPhase;
			buildActionMask = 2147483647;
			files = (
				4EBABFC41DFA519400C90367 /* BluetoothPeripheral_testUITests.m in Sources */,
			);
			runOnlyForDeploymentPostprocessing = 0;
		};
/* End PBXSourcesBuildPhase section */

/* Begin PBXTargetDependency section */
		4EBABFB61DFA519400C90367 /* PBXTargetDependency */ = {
			isa = PBXTargetDependency;
			target = 4EBABF9A1DFA519400C90367 /* BluetoothPeripheral_test */;
			targetProxy = 4EBABFB51DFA519400C90367 /* PBXContainerItemProxy */;
		};
		4EBABFC11DFA519400C90367 /* PBXTargetDependency */ = {
			isa = PBXTargetDependency;
			target = 4EBABF9A1DFA519400C90367 /* BluetoothPeripheral_test */;
			targetProxy = 4EBABFC01DFA519400C90367 /* PBXContainerItemProxy */;
		};
/* End PBXTargetDependency section */

/* Begin PBXVariantGroup section */
		4EBABFA71DFA519400C90367 /* Main.storyboard */ = {
			isa = PBXVariantGroup;
			children = (
				4EBABFA81DFA519400C90367 /* Base */,
			);
			name = Main.storyboard;
			sourceTree = "<group>";
		};
		4EBABFAC1DFA519400C90367 /* LaunchScreen.storyboard */ = {
			isa = PBXVariantGroup;
			children = (
				4EBABFAD1DFA519400C90367 /* Base */,
			);
			name = LaunchScreen.storyboard;
			sourceTree = "<group>";
		};
/* End PBXVariantGroup section */

/* Begin XCBuildConfiguration section */
		4EBABFC61DFA519400C90367 /* Debug */ = {
			isa = XCBuildConfiguration;
			buildSettings = {
				ALWAYS_SEARCH_USER_PATHS = NO;
				CLANG_CXX_LANGUAGE_STANDARD = "gnu++0x";
				CLANG_CXX_LIBRARY = "libc++";
				CLANG_ENABLE_MODULES = YES;
				CLANG_ENABLE_OBJC_ARC = YES;
				CLANG_WARN_BOOL_CONVERSION = YES;
				CLANG_WARN_CONSTANT_CONVERSION = YES;
				CLANG_WARN_DIRECT_OBJC_ISA_USAGE = YES_ERROR;
				CLANG_WARN_EMPTY_BODY = YES;
				CLANG_WARN_ENUM_CONVERSION = YES;
				CLANG_WARN_INT_CONVERSION = YES;
				CLANG_WARN_OBJC_ROOT_CLASS = YES_ERROR;
				CLANG_WARN_UNREACHABLE_CODE = YES;
				CLANG_WARN__DUPLICATE_METHOD_MATCH = YES;
				"CODE_SIGN_IDENTITY[sdk=iphoneos*]" = "iPhone Developer";
				COPY_PHASE_STRIP = NO;
				DEBUG_INFORMATION_FORMAT = dwarf;
				ENABLE_STRICT_OBJC_MSGSEND = YES;
				ENABLE_TESTABILITY = YES;
				GCC_C_LANGUAGE_STANDARD = gnu99;
				GCC_DYNAMIC_NO_PIC = NO;
				GCC_NO_COMMON_BLOCKS = YES;
				GCC_OPTIMIZATION_LEVEL = 0;
				GCC_PREPROCESSOR_DEFINITIONS = (
					"DEBUG=1",
					"$(inherited)",
				);
				GCC_WARN_64_TO_32_BIT_CONVERSION = YES;
				GCC_WARN_ABOUT_RETURN_TYPE = YES_ERROR;
				GCC_WARN_UNDECLARED_SELECTOR = YES;
				GCC_WARN_UNINITIALIZED_AUTOS = YES_AGGRESSIVE;
				GCC_WARN_UNUSED_FUNCTION = YES;
				GCC_WARN_UNUSED_VARIABLE = YES;
				IPHONEOS_DEPLOYMENT_TARGET = 9.2;
				MTL_ENABLE_DEBUG_INFO = YES;
				ONLY_ACTIVE_ARCH = YES;
				SDKROOT = iphoneos;
				TARGETED_DEVICE_FAMILY = "1,2";
			};
			name = Debug;
		};
		4EBABFC71DFA519400C90367 /* Release */ = {
			isa = XCBuildConfiguration;
			buildSettings = {
				ALWAYS_SEARCH_USER_PATHS = NO;
				CLANG_CXX_LANGUAGE_STANDARD = "gnu++0x";
				CLANG_CXX_LIBRARY = "libc++";
				CLANG_ENABLE_MODULES = YES;
				CLANG_ENABLE_OBJC_ARC = YES;
				CLANG_WARN_BOOL_CONVERSION = YES;
				CLANG_WARN_CONSTANT_CONVERSION = YES;
				CLANG_WARN_DIRECT_OBJC_ISA_USAGE = YES_ERROR;
				CLANG_WARN_EMPTY_BODY = YES;
				CLANG_WARN_ENUM_CONVERSION = YES;
				CLANG_WARN_INT_CONVERSION = YES;
				CLANG_WARN_OBJC_ROOT_CLASS = YES_ERROR;
				CLANG_WARN_UNREACHABLE_CODE = YES;
				CLANG_WARN__DUPLICATE_METHOD_MATCH = YES;
				"CODE_SIGN_IDENTITY[sdk=iphoneos*]" = "iPhone Developer";
				COPY_PHASE_STRIP = NO;
				DEBUG_INFORMATION_FORMAT = "dwarf-with-dsym";
				ENABLE_NS_ASSERTIONS = NO;
				ENABLE_STRICT_OBJC_MSGSEND = YES;
				GCC_C_LANGUAGE_STANDARD = gnu99;
				GCC_NO_COMMON_BLOCKS = YES;
				GCC_WARN_64_TO_32_BIT_CONVERSION = YES;
				GCC_WARN_ABOUT_RETURN_TYPE = YES_ERROR;
				GCC_WARN_UNDECLARED_SELECTOR = YES;
				GCC_WARN_UNINITIALIZED_AUTOS = YES_AGGRESSIVE;
				GCC_WARN_UNUSED_FUNCTION = YES;
				GCC_WARN_UNUSED_VARIABLE = YES;
				IPHONEOS_DEPLOYMENT_TARGET = 9.2;
				MTL_ENABLE_DEBUG_INFO = NO;
				SDKROOT = iphoneos;
				TARGETED_DEVICE_FAMILY = "1,2";
				VALIDATE_PRODUCT = YES;
			};
			name = Release;
		};
		4EBABFC91DFA519400C90367 /* Debug */ = {
			isa = XCBuildConfiguration;
			buildSettings = {
				ASSETCATALOG_COMPILER_APPICON_NAME = AppIcon;
				DEVELOPMENT_TEAM = F7445L7HH4;
				INFOPLIST_FILE = BluetoothPeripheral_test/Info.plist;
				IPHONEOS_DEPLOYMENT_TARGET = 7.1;
				LD_RUNPATH_SEARCH_PATHS = "$(inherited) @executable_path/Frameworks";
				PRODUCT_BUNDLE_IDENTIFIER = "com.91muzhi.BluetoothPeripheral-test";
				PRODUCT_NAME = "$(TARGET_NAME)";
			};
			name = Debug;
		};
		4EBABFCA1DFA519400C90367 /* Release */ = {
			isa = XCBuildConfiguration;
			buildSettings = {
				ASSETCATALOG_COMPILER_APPICON_NAME = AppIcon;
				DEVELOPMENT_TEAM = F7445L7HH4;
				INFOPLIST_FILE = BluetoothPeripheral_test/Info.plist;
				IPHONEOS_DEPLOYMENT_TARGET = 7.1;
				LD_RUNPATH_SEARCH_PATHS = "$(inherited) @executable_path/Frameworks";
				PRODUCT_BUNDLE_IDENTIFIER = "com.91muzhi.BluetoothPeripheral-test";
				PRODUCT_NAME = "$(TARGET_NAME)";
			};
			name = Release;
		};
		4EBABFCC1DFA519400C90367 /* Debug */ = {
			isa = XCBuildConfiguration;
			buildSettings = {
				BUNDLE_LOADER = "$(TEST_HOST)";
				INFOPLIST_FILE = BluetoothPeripheral_testTests/Info.plist;
				LD_RUNPATH_SEARCH_PATHS = "$(inherited) @executable_path/Frameworks @loader_path/Frameworks";
				PRODUCT_BUNDLE_IDENTIFIER = "com.91muzhi.BluetoothPeripheral-testTests";
				PRODUCT_NAME = "$(TARGET_NAME)";
				TEST_HOST = "$(BUILT_PRODUCTS_DIR)/BluetoothPeripheral_test.app/BluetoothPeripheral_test";
			};
			name = Debug;
		};
		4EBABFCD1DFA519400C90367 /* Release */ = {
			isa = XCBuildConfiguration;
			buildSettings = {
				BUNDLE_LOADER = "$(TEST_HOST)";
				INFOPLIST_FILE = BluetoothPeripheral_testTests/Info.plist;
				LD_RUNPATH_SEARCH_PATHS = "$(inherited) @executable_path/Frameworks @loader_path/Frameworks";
				PRODUCT_BUNDLE_IDENTIFIER = "com.91muzhi.BluetoothPeripheral-testTests";
				PRODUCT_NAME = "$(TARGET_NAME)";
				TEST_HOST = "$(BUILT_PRODUCTS_DIR)/BluetoothPeripheral_test.app/BluetoothPeripheral_test";
			};
			name = Release;
		};
		4EBABFCF1DFA519400C90367 /* Debug */ = {
			isa = XCBuildConfiguration;
			buildSettings = {
				INFOPLIST_FILE = BluetoothPeripheral_testUITests/Info.plist;
				LD_RUNPATH_SEARCH_PATHS = "$(inherited) @executable_path/Frameworks @loader_path/Frameworks";
				PRODUCT_BUNDLE_IDENTIFIER = "com.91muzhi.BluetoothPeripheral-testUITests";
				PRODUCT_NAME = "$(TARGET_NAME)";
				TEST_TARGET_NAME = BluetoothPeripheral_test;
				USES_XCTRUNNER = YES;
			};
			name = Debug;
		};
		4EBABFD01DFA519400C90367 /* Release */ = {
			isa = XCBuildConfiguration;
			buildSettings = {
				INFOPLIST_FILE = BluetoothPeripheral_testUITests/Info.plist;
				LD_RUNPATH_SEARCH_PATHS = "$(inherited) @executable_path/Frameworks @loader_path/Frameworks";
				PRODUCT_BUNDLE_IDENTIFIER = "com.91muzhi.BluetoothPeripheral-testUITests";
				PRODUCT_NAME = "$(TARGET_NAME)";
				TEST_TARGET_NAME = BluetoothPeripheral_test;
				USES_XCTRUNNER = YES;
			};
			name = Release;
		};
/* End XCBuildConfiguration section */

/* Begin XCConfigurationList section */
		4EBABF961DFA519400C90367 /* Build configuration list for PBXProject "BluetoothPeripheral_test" */ = {
			isa = XCConfigurationList;
			buildConfigurations = (
				4EBABFC61DFA519400C90367 /* Debug */,
				4EBABFC71DFA519400C90367 /* Release */,
			);
			defaultConfigurationIsVisible = 0;
			defaultConfigurationName = Release;
		};
		4EBABFC81DFA519400C90367 /* Build configuration list for PBXNativeTarget "BluetoothPeripheral_test" */ = {
			isa = XCConfigurationList;
			buildConfigurations = (
				4EBABFC91DFA519400C90367 /* Debug */,
				4EBABFCA1DFA519400C90367 /* Release */,
			);
			defaultConfigurationIsVisible = 0;
			defaultConfigurationName = Release;
		};
		4EBABFCB1DFA519400C90367 /* Build configuration list for PBXNativeTarget "BluetoothPeripheral_testTests" */ = {
			isa = XCConfigurationList;
			buildConfigurations = (
				4EBABFCC1DFA519400C90367 /* Debug */,
				4EBABFCD1DFA519400C90367 /* Release */,
			);
			defaultConfigurationIsVisible = 0;
			defaultConfigurationName = Release;
		};
		4EBABFCE1DFA519400C90367 /* Build configuration list for PBXNativeTarget "BluetoothPeripheral_testUITests" */ = {
			isa = XCConfigurationList;
			buildConfigurations = (
				4EBABFCF1DFA519400C90367 /* Debug */,
				4EBABFD01DFA519400C90367 /* Release */,
			);
			defaultConfigurationIsVisible = 0;
			defaultConfigurationName = Release;
		};
/* End XCConfigurationList section */
	};
	rootObject = 4EBABF931DFA519400C90367 /* Project object */;
}
